// !$*UTF8*$!
{
	archiveVersion = 1;
	classes = {
	};
	objectVersion = 56;
	objects = {

/* Begin PBXBuildFile section */
		32D01F1769D0B6A9FBB3114E /* Pods_habit_tracker.framework in Frameworks */ = {isa = PBXBuildFile; fileRef = 7E5C08DD285B982E7E9DEB52 /* Pods_habit_tracker.framework */; };
		ADA61B1A2D343762004BDB6E /* Home + DatePicker.swift in Sources */ = {isa = PBXBuildFile; fileRef = ADA61B192D343762004BDB6E /* Home + DatePicker.swift */; };
		ADA61B1E2D34422B004BDB6E /* HabitViewModel.swift in Sources */ = {isa = PBXBuildFile; fileRef = ADA61B1D2D34422A004BDB6E /* HabitViewModel.swift */; };
		ADD880802D33DCA2007572F8 /* Assets.xcassets in Resources */ = {isa = PBXBuildFile; fileRef = ADD880772D33DCA2007572F8 /* Assets.xcassets */; };
		ADD880822D33DCA2007572F8 /* LaunchScreen.storyboard in Resources */ = {isa = PBXBuildFile; fileRef = ADD8807A2D33DCA2007572F8 /* LaunchScreen.storyboard */; };
		ADD880842D33DCA2007572F8 /* AppDelegate.swift in Sources */ = {isa = PBXBuildFile; fileRef = ADD880762D33DCA2007572F8 /* AppDelegate.swift */; };
		ADD880852D33DCA2007572F8 /* SceneDelegate.swift in Sources */ = {isa = PBXBuildFile; fileRef = ADD8807D2D33DCA2007572F8 /* SceneDelegate.swift */; };
		ADD8808A2D33DCF8007572F8 /* HomeController.xib in Resources */ = {isa = PBXBuildFile; fileRef = ADD880892D33DCF8007572F8 /* HomeController.xib */; };
		ADD8808B2D33DCF8007572F8 /* HomeController.swift in Sources */ = {isa = PBXBuildFile; fileRef = ADD880882D33DCF8007572F8 /* HomeController.swift */; };
		ADD880912D33EC82007572F8 /* GoogleService-Info.plist in Resources */ = {isa = PBXBuildFile; fileRef = ADD880902D33EC82007572F8 /* GoogleService-Info.plist */; };
		ADD880952D33ED6C007572F8 /* LoginController.swift in Sources */ = {isa = PBXBuildFile; fileRef = ADD880932D33ED6C007572F8 /* LoginController.swift */; };
		ADD880962D33ED6C007572F8 /* LoginController.xib in Resources */ = {isa = PBXBuildFile; fileRef = ADD880942D33ED6C007572F8 /* LoginController.xib */; };
		ADD880992D33EED4007572F8 /* Shared.swift in Sources */ = {isa = PBXBuildFile; fileRef = ADD880982D33EED4007572F8 /* Shared.swift */; };
		ADD8809B2D33F173007572F8 /* UIViewController + Extensions.swift in Sources */ = {isa = PBXBuildFile; fileRef = ADD8809A2D33F173007572F8 /* UIViewController + Extensions.swift */; };
		ADD880A02D33F58C007572F8 /* NavController.swift in Sources */ = {isa = PBXBuildFile; fileRef = ADD8809F2D33F58C007572F8 /* NavController.swift */; };
		ADD880A42D33F8A1007572F8 /* HabitController.swift in Sources */ = {isa = PBXBuildFile; fileRef = ADD880A22D33F8A1007572F8 /* HabitController.swift */; };
		ADD880A52D33F8A1007572F8 /* HabitController.xib in Resources */ = {isa = PBXBuildFile; fileRef = ADD880A32D33F8A1007572F8 /* HabitController.xib */; };
		ADD880A72D33FA9B007572F8 /* FirebaseManager.swift in Sources */ = {isa = PBXBuildFile; fileRef = ADD880A62D33FA9B007572F8 /* FirebaseManager.swift */; };
		ADD880AA2D33FE0D007572F8 /* Home + TableView.swift in Sources */ = {isa = PBXBuildFile; fileRef = ADD880A92D33FE0D007572F8 /* Home + TableView.swift */; };
		ADD880AD2D33FE24007572F8 /* HabitCell.swift in Sources */ = {isa = PBXBuildFile; fileRef = ADD880AB2D33FE24007572F8 /* HabitCell.swift */; };
		ADD880AE2D33FE24007572F8 /* HabitCell.xib in Resources */ = {isa = PBXBuildFile; fileRef = ADD880AC2D33FE24007572F8 /* HabitCell.xib */; };
		ADD880B02D33FF06007572F8 /* UITableView + Extensions.swift in Sources */ = {isa = PBXBuildFile; fileRef = ADD880AF2D33FF06007572F8 /* UITableView + Extensions.swift */; };
		ADD880B52D3407D6007572F8 /* HomeViewModel.swift in Sources */ = {isa = PBXBuildFile; fileRef = ADD880B42D3407D6007572F8 /* HomeViewModel.swift */; };
		ADD880BB2D340971007572F8 /* LoadingController.swift in Sources */ = {isa = PBXBuildFile; fileRef = ADD880B92D340971007572F8 /* LoadingController.swift */; };
		ADD880BC2D340971007572F8 /* LoadingController.xib in Resources */ = {isa = PBXBuildFile; fileRef = ADD880BA2D340971007572F8 /* LoadingController.xib */; };
		ADD880BE2D3409CC007572F8 /* BaseController.swift in Sources */ = {isa = PBXBuildFile; fileRef = ADD880BD2D3409CC007572F8 /* BaseController.swift */; };
		ADD880C02D340B7A007572F8 /* HabitModel.swift in Sources */ = {isa = PBXBuildFile; fileRef = ADD880BF2D340B7A007572F8 /* HabitModel.swift */; };
		ADD880C22D3422AD007572F8 /* HabitStatusModel.swift in Sources */ = {isa = PBXBuildFile; fileRef = ADD880C12D3422AD007572F8 /* HabitStatusModel.swift */; };
/* End PBXBuildFile section */

/* Begin PBXFileReference section */
		7E5C08DD285B982E7E9DEB52 /* Pods_habit_tracker.framework */ = {isa = PBXFileReference; explicitFileType = wrapper.framework; includeInIndex = 0; path = Pods_habit_tracker.framework; sourceTree = BUILT_PRODUCTS_DIR; };
		ADA61B192D343762004BDB6E /* Home + DatePicker.swift */ = {isa = PBXFileReference; lastKnownFileType = sourcecode.swift; path = "Home + DatePicker.swift"; sourceTree = "<group>"; };
		ADA61B1D2D34422A004BDB6E /* HabitViewModel.swift */ = {isa = PBXFileReference; lastKnownFileType = sourcecode.swift; path = HabitViewModel.swift; sourceTree = "<group>"; };
		ADD8805E2D33DC83007572F8 /* habit-tracker.app */ = {isa = PBXFileReference; explicitFileType = wrapper.application; includeInIndex = 0; path = "habit-tracker.app"; sourceTree = BUILT_PRODUCTS_DIR; };
		ADD880762D33DCA2007572F8 /* AppDelegate.swift */ = {isa = PBXFileReference; lastKnownFileType = sourcecode.swift; path = AppDelegate.swift; sourceTree = "<group>"; };
		ADD880772D33DCA2007572F8 /* Assets.xcassets */ = {isa = PBXFileReference; lastKnownFileType = folder.assetcatalog; path = Assets.xcassets; sourceTree = "<group>"; };
		ADD880782D33DCA2007572F8 /* Info.plist */ = {isa = PBXFileReference; lastKnownFileType = text.plist.xml; path = Info.plist; sourceTree = "<group>"; };
		ADD880792D33DCA2007572F8 /* Base */ = {isa = PBXFileReference; lastKnownFileType = file.storyboard; name = Base; path = Base.lproj/LaunchScreen.storyboard; sourceTree = "<group>"; };
		ADD8807D2D33DCA2007572F8 /* SceneDelegate.swift */ = {isa = PBXFileReference; lastKnownFileType = sourcecode.swift; path = SceneDelegate.swift; sourceTree = "<group>"; };
		ADD880882D33DCF8007572F8 /* HomeController.swift */ = {isa = PBXFileReference; lastKnownFileType = sourcecode.swift; path = HomeController.swift; sourceTree = "<group>"; };
		ADD880892D33DCF8007572F8 /* HomeController.xib */ = {isa = PBXFileReference; lastKnownFileType = file.xib; path = HomeController.xib; sourceTree = "<group>"; };
		ADD880902D33EC82007572F8 /* GoogleService-Info.plist */ = {isa = PBXFileReference; lastKnownFileType = text.plist.xml; path = "GoogleService-Info.plist"; sourceTree = "<group>"; };
		ADD880932D33ED6C007572F8 /* LoginController.swift */ = {isa = PBXFileReference; lastKnownFileType = sourcecode.swift; path = LoginController.swift; sourceTree = "<group>"; };
		ADD880942D33ED6C007572F8 /* LoginController.xib */ = {isa = PBXFileReference; lastKnownFileType = file.xib; path = LoginController.xib; sourceTree = "<group>"; };
		ADD880982D33EED4007572F8 /* Shared.swift */ = {isa = PBXFileReference; lastKnownFileType = sourcecode.swift; path = Shared.swift; sourceTree = "<group>"; };
		ADD8809A2D33F173007572F8 /* UIViewController + Extensions.swift */ = {isa = PBXFileReference; lastKnownFileType = sourcecode.swift; path = "UIViewController + Extensions.swift"; sourceTree = "<group>"; };
		ADD8809F2D33F58C007572F8 /* NavController.swift */ = {isa = PBXFileReference; lastKnownFileType = sourcecode.swift; path = NavController.swift; sourceTree = "<group>"; };
		ADD880A22D33F8A1007572F8 /* HabitController.swift */ = {isa = PBXFileReference; lastKnownFileType = sourcecode.swift; path = HabitController.swift; sourceTree = "<group>"; };
		ADD880A32D33F8A1007572F8 /* HabitController.xib */ = {isa = PBXFileReference; lastKnownFileType = file.xib; path = HabitController.xib; sourceTree = "<group>"; };
		ADD880A62D33FA9B007572F8 /* FirebaseManager.swift */ = {isa = PBXFileReference; lastKnownFileType = sourcecode.swift; path = FirebaseManager.swift; sourceTree = "<group>"; };
		ADD880A92D33FE0D007572F8 /* Home + TableView.swift */ = {isa = PBXFileReference; lastKnownFileType = sourcecode.swift; path = "Home + TableView.swift"; sourceTree = "<group>"; };
		ADD880AB2D33FE24007572F8 /* HabitCell.swift */ = {isa = PBXFileReference; lastKnownFileType = sourcecode.swift; path = HabitCell.swift; sourceTree = "<group>"; };
		ADD880AC2D33FE24007572F8 /* HabitCell.xib */ = {isa = PBXFileReference; lastKnownFileType = file.xib; path = HabitCell.xib; sourceTree = "<group>"; };
		ADD880AF2D33FF06007572F8 /* UITableView + Extensions.swift */ = {isa = PBXFileReference; lastKnownFileType = sourcecode.swift; path = "UITableView + Extensions.swift"; sourceTree = "<group>"; };
		ADD880B42D3407D6007572F8 /* HomeViewModel.swift */ = {isa = PBXFileReference; lastKnownFileType = sourcecode.swift; path = HomeViewModel.swift; sourceTree = "<group>"; };
		ADD880B92D340971007572F8 /* LoadingController.swift */ = {isa = PBXFileReference; lastKnownFileType = sourcecode.swift; path = LoadingController.swift; sourceTree = "<group>"; };
		ADD880BA2D340971007572F8 /* LoadingController.xib */ = {isa = PBXFileReference; lastKnownFileType = file.xib; path = LoadingController.xib; sourceTree = "<group>"; };
		ADD880BD2D3409CC007572F8 /* BaseController.swift */ = {isa = PBXFileReference; lastKnownFileType = sourcecode.swift; path = BaseController.swift; sourceTree = "<group>"; };
		ADD880BF2D340B7A007572F8 /* HabitModel.swift */ = {isa = PBXFileReference; lastKnownFileType = sourcecode.swift; path = HabitModel.swift; sourceTree = "<group>"; };
		ADD880C12D3422AD007572F8 /* HabitStatusModel.swift */ = {isa = PBXFileReference; lastKnownFileType = sourcecode.swift; path = HabitStatusModel.swift; sourceTree = "<group>"; };
		CB0993CBF863DB22948CCCB8 /* Pods-habit-tracker.debug.xcconfig */ = {isa = PBXFileReference; includeInIndex = 1; lastKnownFileType = text.xcconfig; name = "Pods-habit-tracker.debug.xcconfig"; path = "Target Support Files/Pods-habit-tracker/Pods-habit-tracker.debug.xcconfig"; sourceTree = "<group>"; };
		FE18057D3FB7D5C4B236E475 /* Pods-habit-tracker.release.xcconfig */ = {isa = PBXFileReference; includeInIndex = 1; lastKnownFileType = text.xcconfig; name = "Pods-habit-tracker.release.xcconfig"; path = "Target Support Files/Pods-habit-tracker/Pods-habit-tracker.release.xcconfig"; sourceTree = "<group>"; };
/* End PBXFileReference section */

/* Begin PBXFrameworksBuildPhase section */
		ADD8805B2D33DC83007572F8 /* Frameworks */ = {
			isa = PBXFrameworksBuildPhase;
			buildActionMask = 2147483647;
			files = (
				32D01F1769D0B6A9FBB3114E /* Pods_habit_tracker.framework in Frameworks */,
			);
			runOnlyForDeploymentPostprocessing = 0;
		};
/* End PBXFrameworksBuildPhase section */

/* Begin PBXGroup section */
		4C81E956FC281453717567B4 /* Pods */ = {
			isa = PBXGroup;
			children = (
				CB0993CBF863DB22948CCCB8 /* Pods-habit-tracker.debug.xcconfig */,
				FE18057D3FB7D5C4B236E475 /* Pods-habit-tracker.release.xcconfig */,
			);
			path = Pods;
			sourceTree = "<group>";
		};
		A088BE1FE61D8D6D812421CE /* Frameworks */ = {
			isa = PBXGroup;
			children = (
				7E5C08DD285B982E7E9DEB52 /* Pods_habit_tracker.framework */,
			);
			name = Frameworks;
			sourceTree = "<group>";
		};
		ADA61B1B2D344215004BDB6E /* View */ = {
			isa = PBXGroup;
			children = (
				ADD880A22D33F8A1007572F8 /* HabitController.swift */,
				ADD880A32D33F8A1007572F8 /* HabitController.xib */,
			);
			path = View;
			sourceTree = "<group>";
		};
		ADA61B1C2D34421A004BDB6E /* ViewModel */ = {
			isa = PBXGroup;
			children = (
				ADA61B1D2D34422A004BDB6E /* HabitViewModel.swift */,
			);
			path = ViewModel;
			sourceTree = "<group>";
		};
		ADD880552D33DC82007572F8 = {
			isa = PBXGroup;
			children = (
				ADD8807F2D33DCA2007572F8 /* habit-tracker */,
				ADD8805F2D33DC83007572F8 /* Products */,
				4C81E956FC281453717567B4 /* Pods */,
				A088BE1FE61D8D6D812421CE /* Frameworks */,
			);
			sourceTree = "<group>";
		};
		ADD8805F2D33DC83007572F8 /* Products */ = {
			isa = PBXGroup;
			children = (
				ADD8805E2D33DC83007572F8 /* habit-tracker.app */,
			);
			name = Products;
			sourceTree = "<group>";
		};
		ADD8807F2D33DCA2007572F8 /* habit-tracker */ = {
			isa = PBXGroup;
			children = (
				ADD8808C2D33DD48007572F8 /* App */,
				ADD8809C2D33F23E007572F8 /* Extensions */,
				ADD880872D33DCE5007572F8 /* Scenes */,
				ADD8808D2D33DE2B007572F8 /* Resources */,
				ADD8809E2D33F582007572F8 /* Reuseable */,
				ADD880972D33EECC007572F8 /* Utilities */,
				ADD880902D33EC82007572F8 /* GoogleService-Info.plist */,
			);
			path = "habit-tracker";
			sourceTree = "<group>";
		};
		ADD880872D33DCE5007572F8 /* Scenes */ = {
			isa = PBXGroup;
			children = (
				ADD880922D33ED54007572F8 /* Login */,
				ADD8809D2D33F2B4007572F8 /* Home */,
				ADD880A12D33F824007572F8 /* Habit */,
			);
			path = Scenes;
			sourceTree = "<group>";
		};
		ADD8808C2D33DD48007572F8 /* App */ = {
			isa = PBXGroup;
			children = (
				ADD880762D33DCA2007572F8 /* AppDelegate.swift */,
				ADD8807D2D33DCA2007572F8 /* SceneDelegate.swift */,
			);
			path = App;
			sourceTree = "<group>";
		};
		ADD8808D2D33DE2B007572F8 /* Resources */ = {
			isa = PBXGroup;
			children = (
				ADD880772D33DCA2007572F8 /* Assets.xcassets */,
				ADD880782D33DCA2007572F8 /* Info.plist */,
				ADD8807A2D33DCA2007572F8 /* LaunchScreen.storyboard */,
			);
			path = Resources;
			sourceTree = "<group>";
		};
		ADD880922D33ED54007572F8 /* Login */ = {
			isa = PBXGroup;
			children = (
				ADD880932D33ED6C007572F8 /* LoginController.swift */,
				ADD880942D33ED6C007572F8 /* LoginController.xib */,
			);
			path = Login;
			sourceTree = "<group>";
		};
		ADD880972D33EECC007572F8 /* Utilities */ = {
			isa = PBXGroup;
			children = (
				ADD880982D33EED4007572F8 /* Shared.swift */,
				ADD880A62D33FA9B007572F8 /* FirebaseManager.swift */,
			);
			path = Utilities;
			sourceTree = "<group>";
		};
		ADD8809C2D33F23E007572F8 /* Extensions */ = {
			isa = PBXGroup;
			children = (
				ADD8809A2D33F173007572F8 /* UIViewController + Extensions.swift */,
				ADD880AF2D33FF06007572F8 /* UITableView + Extensions.swift */,
			);
			path = Extensions;
			sourceTree = "<group>";
		};
		ADD8809D2D33F2B4007572F8 /* Home */ = {
			isa = PBXGroup;
			children = (
				ADD880B32D34079D007572F8 /* Model */,
				ADD880B22D340780007572F8 /* ViewModel */,
				ADD880B12D34076C007572F8 /* View */,
			);
			path = Home;
			sourceTree = "<group>";
		};
		ADD8809E2D33F582007572F8 /* Reuseable */ = {
			isa = PBXGroup;
			children = (
				ADD880B82D34096B007572F8 /* Loading */,
				ADD880BD2D3409CC007572F8 /* BaseController.swift */,
				ADD8809F2D33F58C007572F8 /* NavController.swift */,
			);
			path = Reuseable;
			sourceTree = "<group>";
		};
		ADD880A12D33F824007572F8 /* Habit */ = {
			isa = PBXGroup;
			children = (
				ADA61B1C2D34421A004BDB6E /* ViewModel */,
				ADA61B1B2D344215004BDB6E /* View */,
			);
			path = Habit;
			sourceTree = "<group>";
		};
		ADD880A82D33FE03007572F8 /* Cell */ = {
			isa = PBXGroup;
			children = (
				ADD880AB2D33FE24007572F8 /* HabitCell.swift */,
				ADD880AC2D33FE24007572F8 /* HabitCell.xib */,
			);
			path = Cell;
			sourceTree = "<group>";
		};
		ADD880B12D34076C007572F8 /* View */ = {
			isa = PBXGroup;
			children = (
				ADD880A82D33FE03007572F8 /* Cell */,
				ADD880A92D33FE0D007572F8 /* Home + TableView.swift */,
				ADA61B192D343762004BDB6E /* Home + DatePicker.swift */,
				ADD880882D33DCF8007572F8 /* HomeController.swift */,
				ADD880892D33DCF8007572F8 /* HomeController.xib */,
			);
			path = View;
			sourceTree = "<group>";
		};
		ADD880B22D340780007572F8 /* ViewModel */ = {
			isa = PBXGroup;
			children = (
				ADD880B42D3407D6007572F8 /* HomeViewModel.swift */,
			);
			path = ViewModel;
			sourceTree = "<group>";
		};
		ADD880B32D34079D007572F8 /* Model */ = {
			isa = PBXGroup;
			children = (
				ADD880BF2D340B7A007572F8 /* HabitModel.swift */,
				ADD880C12D3422AD007572F8 /* HabitStatusModel.swift */,
			);
			path = Model;
			sourceTree = "<group>";
		};
		ADD880B82D34096B007572F8 /* Loading */ = {
			isa = PBXGroup;
			children = (
				ADD880B92D340971007572F8 /* LoadingController.swift */,
				ADD880BA2D340971007572F8 /* LoadingController.xib */,
			);
			path = Loading;
			sourceTree = "<group>";
		};
/* End PBXGroup section */

/* Begin PBXNativeTarget section */
		ADD8805D2D33DC83007572F8 /* habit-tracker */ = {
			isa = PBXNativeTarget;
			buildConfigurationList = ADD880712D33DC84007572F8 /* Build configuration list for PBXNativeTarget "habit-tracker" */;
			buildPhases = (
				915957A82710BB869A2D9C27 /* [CP] Check Pods Manifest.lock */,
				ADD8805A2D33DC83007572F8 /* Sources */,
				ADD8805B2D33DC83007572F8 /* Frameworks */,
				ADD8805C2D33DC83007572F8 /* Resources */,
				9A7ACA1A1D66EC9588B275CB /* [CP] Embed Pods Frameworks */,
			);
			buildRules = (
			);
			dependencies = (
			);
			name = "habit-tracker";
			productName = "habit-tracker";
			productReference = ADD8805E2D33DC83007572F8 /* habit-tracker.app */;
			productType = "com.apple.product-type.application";
		};
/* End PBXNativeTarget section */

/* Begin PBXProject section */
		ADD880562D33DC82007572F8 /* Project object */ = {
			isa = PBXProject;
			attributes = {
				BuildIndependentTargetsInParallel = 1;
				LastSwiftUpdateCheck = 1600;
				LastUpgradeCheck = 1600;
				TargetAttributes = {
					ADD8805D2D33DC83007572F8 = {
						CreatedOnToolsVersion = 16.0;
					};
				};
			};
			buildConfigurationList = ADD880592D33DC82007572F8 /* Build configuration list for PBXProject "habit-tracker" */;
			compatibilityVersion = "Xcode 14.0";
			developmentRegion = en;
			hasScannedForEncodings = 0;
			knownRegions = (
				en,
				Base,
			);
			mainGroup = ADD880552D33DC82007572F8;
			productRefGroup = ADD8805F2D33DC83007572F8 /* Products */;
			projectDirPath = "";
			projectRoot = "";
			targets = (
				ADD8805D2D33DC83007572F8 /* habit-tracker */,
			);
		};
/* End PBXProject section */

/* Begin PBXResourcesBuildPhase section */
		ADD8805C2D33DC83007572F8 /* Resources */ = {
			isa = PBXResourcesBuildPhase;
			buildActionMask = 2147483647;
			files = (
				ADD880BC2D340971007572F8 /* LoadingController.xib in Resources */,
				ADD8808A2D33DCF8007572F8 /* HomeController.xib in Resources */,
				ADD880912D33EC82007572F8 /* GoogleService-Info.plist in Resources */,
				ADD880802D33DCA2007572F8 /* Assets.xcassets in Resources */,
				ADD880AE2D33FE24007572F8 /* HabitCell.xib in Resources */,
				ADD880962D33ED6C007572F8 /* LoginController.xib in Resources */,
				ADD880A52D33F8A1007572F8 /* HabitController.xib in Resources */,
				ADD880822D33DCA2007572F8 /* LaunchScreen.storyboard in Resources */,
			);
			runOnlyForDeploymentPostprocessing = 0;
		};
/* End PBXResourcesBuildPhase section */

/* Begin PBXShellScriptBuildPhase section */
		915957A82710BB869A2D9C27 /* [CP] Check Pods Manifest.lock */ = {
			isa = PBXShellScriptBuildPhase;
			buildActionMask = 2147483647;
			files = (
			);
			inputFileListPaths = (
			);
			inputPaths = (
				"${PODS_PODFILE_DIR_PATH}/Podfile.lock",
				"${PODS_ROOT}/Manifest.lock",
			);
			name = "[CP] Check Pods Manifest.lock";
			outputFileListPaths = (
			);
			outputPaths = (
				"$(DERIVED_FILE_DIR)/Pods-habit-tracker-checkManifestLockResult.txt",
			);
			runOnlyForDeploymentPostprocessing = 0;
			shellPath = /bin/sh;
			shellScript = "diff \"${PODS_PODFILE_DIR_PATH}/Podfile.lock\" \"${PODS_ROOT}/Manifest.lock\" > /dev/null\nif [ $? != 0 ] ; then\n    # print error to STDERR\n    echo \"error: The sandbox is not in sync with the Podfile.lock. Run 'pod install' or update your CocoaPods installation.\" >&2\n    exit 1\nfi\n# This output is used by Xcode 'outputs' to avoid re-running this script phase.\necho \"SUCCESS\" > \"${SCRIPT_OUTPUT_FILE_0}\"\n";
			showEnvVarsInLog = 0;
		};
		9A7ACA1A1D66EC9588B275CB /* [CP] Embed Pods Frameworks */ = {
			isa = PBXShellScriptBuildPhase;
			buildActionMask = 2147483647;
			files = (
			);
			inputFileListPaths = (
				"${PODS_ROOT}/Target Support Files/Pods-habit-tracker/Pods-habit-tracker-frameworks-${CONFIGURATION}-input-files.xcfilelist",
			);
			name = "[CP] Embed Pods Frameworks";
			outputFileListPaths = (
				"${PODS_ROOT}/Target Support Files/Pods-habit-tracker/Pods-habit-tracker-frameworks-${CONFIGURATION}-output-files.xcfilelist",
			);
			runOnlyForDeploymentPostprocessing = 0;
			shellPath = /bin/sh;
			shellScript = "\"${PODS_ROOT}/Target Support Files/Pods-habit-tracker/Pods-habit-tracker-frameworks.sh\"\n";
			showEnvVarsInLog = 0;
		};
/* End PBXShellScriptBuildPhase section */

/* Begin PBXSourcesBuildPhase section */
		ADD8805A2D33DC83007572F8 /* Sources */ = {
			isa = PBXSourcesBuildPhase;
			buildActionMask = 2147483647;
			files = (
				ADA61B1E2D34422B004BDB6E /* HabitViewModel.swift in Sources */,
				ADD8809B2D33F173007572F8 /* UIViewController + Extensions.swift in Sources */,
				ADD880B02D33FF06007572F8 /* UITableView + Extensions.swift in Sources */,
				ADD880A02D33F58C007572F8 /* NavController.swift in Sources */,
				ADD880992D33EED4007572F8 /* Shared.swift in Sources */,
				ADD880A72D33FA9B007572F8 /* FirebaseManager.swift in Sources */,
				ADD880AD2D33FE24007572F8 /* HabitCell.swift in Sources */,
				ADD8808B2D33DCF8007572F8 /* HomeController.swift in Sources */,
				ADD880A42D33F8A1007572F8 /* HabitController.swift in Sources */,
				ADD880952D33ED6C007572F8 /* LoginController.swift in Sources */,
				ADD880BB2D340971007572F8 /* LoadingController.swift in Sources */,
				ADD880842D33DCA2007572F8 /* AppDelegate.swift in Sources */,
				ADD880B52D3407D6007572F8 /* HomeViewModel.swift in Sources */,
				ADA61B1A2D343762004BDB6E /* Home + DatePicker.swift in Sources */,
				ADD880AA2D33FE0D007572F8 /* Home + TableView.swift in Sources */,
				ADD880C22D3422AD007572F8 /* HabitStatusModel.swift in Sources */,
				ADD880C02D340B7A007572F8 /* HabitModel.swift in Sources */,
				ADD880BE2D3409CC007572F8 /* BaseController.swift in Sources */,
				ADD880852D33DCA2007572F8 /* SceneDelegate.swift in Sources */,
			);
			runOnlyForDeploymentPostprocessing = 0;
		};
/* End PBXSourcesBuildPhase section */

/* Begin PBXVariantGroup section */
		ADD8807A2D33DCA2007572F8 /* LaunchScreen.storyboard */ = {
			isa = PBXVariantGroup;
			children = (
				ADD880792D33DCA2007572F8 /* Base */,
			);
			name = LaunchScreen.storyboard;
			sourceTree = "<group>";
		};
/* End PBXVariantGroup section */

/* Begin XCBuildConfiguration section */
		ADD880722D33DC84007572F8 /* Debug */ = {
			isa = XCBuildConfiguration;
			baseConfigurationReference = CB0993CBF863DB22948CCCB8 /* Pods-habit-tracker.debug.xcconfig */;
			buildSettings = {
				ASSETCATALOG_COMPILER_APPICON_NAME = AppIcon;
				ASSETCATALOG_COMPILER_GLOBAL_ACCENT_COLOR_NAME = AccentColor;
				CODE_SIGN_STYLE = Automatic;
				CURRENT_PROJECT_VERSION = 1;
				DEVELOPMENT_TEAM = "";
				ENABLE_USER_SCRIPT_SANDBOXING = NO;
				GENERATE_INFOPLIST_FILE = YES;
				INFOPLIST_FILE = "habit-tracker/Resources/Info.plist";
				INFOPLIST_KEY_CFBundleDisplayName = "Habit Tracker";
				INFOPLIST_KEY_UIApplicationSupportsIndirectInputEvents = YES;
				INFOPLIST_KEY_UILaunchStoryboardName = LaunchScreen;
				INFOPLIST_KEY_UISupportedInterfaceOrientations = UIInterfaceOrientationPortrait;
				IPHONEOS_DEPLOYMENT_TARGET = 15.6;
				LD_RUNPATH_SEARCH_PATHS = (
					"$(inherited)",
					"@executable_path/Frameworks",
				);
				MARKETING_VERSION = 1.0;
				PRODUCT_BUNDLE_IDENTIFIER = "com.sala7khaled.habit-tracker";
				PRODUCT_NAME = "$(TARGET_NAME)";
				SUPPORTED_PLATFORMS = "iphoneos iphonesimulator";
				SUPPORTS_MACCATALYST = NO;
				SUPPORTS_MAC_DESIGNED_FOR_IPHONE_IPAD = NO;
				SUPPORTS_XR_DESIGNED_FOR_IPHONE_IPAD = NO;
				SWIFT_EMIT_LOC_STRINGS = YES;
				SWIFT_VERSION = 5.0;
				TARGETED_DEVICE_FAMILY = "1,2";
			};
			name = Debug;
		};
		ADD880732D33DC84007572F8 /* Release */ = {
			isa = XCBuildConfiguration;
			baseConfigurationReference = FE18057D3FB7D5C4B236E475 /* Pods-habit-tracker.release.xcconfig */;
			buildSettings = {
				ASSETCATALOG_COMPILER_APPICON_NAME = AppIcon;
				ASSETCATALOG_COMPILER_GLOBAL_ACCENT_COLOR_NAME = AccentColor;
				CODE_SIGN_STYLE = Automatic;
				CURRENT_PROJECT_VERSION = 1;
				DEVELOPMENT_TEAM = "";
				ENABLE_USER_SCRIPT_SANDBOXING = NO;
				GENERATE_INFOPLIST_FILE = YES;
				INFOPLIST_FILE = "habit-tracker/Resources/Info.plist";
				INFOPLIST_KEY_CFBundleDisplayName = "Habit Tracker";
				INFOPLIST_KEY_UIApplicationSupportsIndirectInputEvents = YES;
				INFOPLIST_KEY_UILaunchStoryboardName = LaunchScreen;
				INFOPLIST_KEY_UISupportedInterfaceOrientations = UIInterfaceOrientationPortrait;
				IPHONEOS_DEPLOYMENT_TARGET = 15.6;
				LD_RUNPATH_SEARCH_PATHS = (
					"$(inherited)",
					"@executable_path/Frameworks",
				);
				MARKETING_VERSION = 1.0;
				PRODUCT_BUNDLE_IDENTIFIER = "com.sala7khaled.habit-tracker";
				PRODUCT_NAME = "$(TARGET_NAME)";
				SUPPORTED_PLATFORMS = "iphoneos iphonesimulator";
				SUPPORTS_MACCATALYST = NO;
				SUPPORTS_MAC_DESIGNED_FOR_IPHONE_IPAD = NO;
				SUPPORTS_XR_DESIGNED_FOR_IPHONE_IPAD = NO;
				SWIFT_EMIT_LOC_STRINGS = YES;
				SWIFT_VERSION = 5.0;
				TARGETED_DEVICE_FAMILY = "1,2";
			};
			name = Release;
		};
		ADD880742D33DC84007572F8 /* Debug */ = {
			isa = XCBuildConfiguration;
			buildSettings = {
				ALWAYS_SEARCH_USER_PATHS = NO;
				ASSETCATALOG_COMPILER_GENERATE_SWIFT_ASSET_SYMBOL_EXTENSIONS = YES;
				CLANG_ANALYZER_NONNULL = YES;
				CLANG_ANALYZER_NUMBER_OBJECT_CONVERSION = YES_AGGRESSIVE;
				CLANG_CXX_LANGUAGE_STANDARD = "gnu++20";
				CLANG_ENABLE_MODULES = YES;
				CLANG_ENABLE_OBJC_ARC = YES;
				CLANG_ENABLE_OBJC_WEAK = YES;
				CLANG_WARN_BLOCK_CAPTURE_AUTORELEASING = YES;
				CLANG_WARN_BOOL_CONVERSION = YES;
				CLANG_WARN_COMMA = YES;
				CLANG_WARN_CONSTANT_CONVERSION = YES;
				CLANG_WARN_DEPRECATED_OBJC_IMPLEMENTATIONS = YES;
				CLANG_WARN_DIRECT_OBJC_ISA_USAGE = YES_ERROR;
				CLANG_WARN_DOCUMENTATION_COMMENTS = YES;
				CLANG_WARN_EMPTY_BODY = YES;
				CLANG_WARN_ENUM_CONVERSION = YES;
				CLANG_WARN_INFINITE_RECURSION = YES;
				CLANG_WARN_INT_CONVERSION = YES;
				CLANG_WARN_NON_LITERAL_NULL_CONVERSION = YES;
				CLANG_WARN_OBJC_IMPLICIT_RETAIN_SELF = YES;
				CLANG_WARN_OBJC_LITERAL_CONVERSION = YES;
				CLANG_WARN_OBJC_ROOT_CLASS = YES_ERROR;
				CLANG_WARN_QUOTED_INCLUDE_IN_FRAMEWORK_HEADER = YES;
				CLANG_WARN_RANGE_LOOP_ANALYSIS = YES;
				CLANG_WARN_STRICT_PROTOTYPES = YES;
				CLANG_WARN_SUSPICIOUS_MOVE = YES;
				CLANG_WARN_UNGUARDED_AVAILABILITY = YES_AGGRESSIVE;
				CLANG_WARN_UNREACHABLE_CODE = YES;
				CLANG_WARN__DUPLICATE_METHOD_MATCH = YES;
				COPY_PHASE_STRIP = NO;
				DEBUG_INFORMATION_FORMAT = dwarf;
				ENABLE_STRICT_OBJC_MSGSEND = YES;
				ENABLE_TESTABILITY = YES;
				ENABLE_USER_SCRIPT_SANDBOXING = YES;
				GCC_C_LANGUAGE_STANDARD = gnu17;
				GCC_DYNAMIC_NO_PIC = NO;
				GCC_NO_COMMON_BLOCKS = YES;
				GCC_OPTIMIZATION_LEVEL = 0;
				GCC_PREPROCESSOR_DEFINITIONS = (
					"DEBUG=1",
					"$(inherited)",
				);
				GCC_WARN_64_TO_32_BIT_CONVERSION = YES;
				GCC_WARN_ABOUT_RETURN_TYPE = YES_ERROR;
				GCC_WARN_UNDECLARED_SELECTOR = YES;
				GCC_WARN_UNINITIALIZED_AUTOS = YES_AGGRESSIVE;
				GCC_WARN_UNUSED_FUNCTION = YES;
				GCC_WARN_UNUSED_VARIABLE = YES;
				IPHONEOS_DEPLOYMENT_TARGET = 18.0;
				LOCALIZATION_PREFERS_STRING_CATALOGS = YES;
				MTL_ENABLE_DEBUG_INFO = INCLUDE_SOURCE;
				MTL_FAST_MATH = YES;
				ONLY_ACTIVE_ARCH = YES;
				SDKROOT = iphoneos;
				SWIFT_ACTIVE_COMPILATION_CONDITIONS = "DEBUG $(inherited)";
				SWIFT_OPTIMIZATION_LEVEL = "-Onone";
			};
			name = Debug;
		};
		ADD880752D33DC84007572F8 /* Release */ = {
			isa = XCBuildConfiguration;
			buildSettings = {
				ALWAYS_SEARCH_USER_PATHS = NO;
				ASSETCATALOG_COMPILER_GENERATE_SWIFT_ASSET_SYMBOL_EXTENSIONS = YES;
				CLANG_ANALYZER_NONNULL = YES;
				CLANG_ANALYZER_NUMBER_OBJECT_CONVERSION = YES_AGGRESSIVE;
				CLANG_CXX_LANGUAGE_STANDARD = "gnu++20";
				CLANG_ENABLE_MODULES = YES;
				CLANG_ENABLE_OBJC_ARC = YES;
				CLANG_ENABLE_OBJC_WEAK = YES;
				CLANG_WARN_BLOCK_CAPTURE_AUTORELEASING = YES;
				CLANG_WARN_BOOL_CONVERSION = YES;
				CLANG_WARN_COMMA = YES;
				CLANG_WARN_CONSTANT_CONVERSION = YES;
				CLANG_WARN_DEPRECATED_OBJC_IMPLEMENTATIONS = YES;
				CLANG_WARN_DIRECT_OBJC_ISA_USAGE = YES_ERROR;
				CLANG_WARN_DOCUMENTATION_COMMENTS = YES;
				CLANG_WARN_EMPTY_BODY = YES;
				CLANG_WARN_ENUM_CONVERSION = YES;
				CLANG_WARN_INFINITE_RECURSION = YES;
				CLANG_WARN_INT_CONVERSION = YES;
				CLANG_WARN_NON_LITERAL_NULL_CONVERSION = YES;
				CLANG_WARN_OBJC_IMPLICIT_RETAIN_SELF = YES;
				CLANG_WARN_OBJC_LITERAL_CONVERSION = YES;
				CLANG_WARN_OBJC_ROOT_CLASS = YES_ERROR;
				CLANG_WARN_QUOTED_INCLUDE_IN_FRAMEWORK_HEADER = YES;
				CLANG_WARN_RANGE_LOOP_ANALYSIS = YES;
				CLANG_WARN_STRICT_PROTOTYPES = YES;
				CLANG_WARN_SUSPICIOUS_MOVE = YES;
				CLANG_WARN_UNGUARDED_AVAILABILITY = YES_AGGRESSIVE;
				CLANG_WARN_UNREACHABLE_CODE = YES;
				CLANG_WARN__DUPLICATE_METHOD_MATCH = YES;
				COPY_PHASE_STRIP = NO;
				DEBUG_INFORMATION_FORMAT = "dwarf-with-dsym";
				ENABLE_NS_ASSERTIONS = NO;
				ENABLE_STRICT_OBJC_MSGSEND = YES;
				ENABLE_USER_SCRIPT_SANDBOXING = YES;
				GCC_C_LANGUAGE_STANDARD = gnu17;
				GCC_NO_COMMON_BLOCKS = YES;
				GCC_WARN_64_TO_32_BIT_CONVERSION = YES;
				GCC_WARN_ABOUT_RETURN_TYPE = YES_ERROR;
				GCC_WARN_UNDECLARED_SELECTOR = YES;
				GCC_WARN_UNINITIALIZED_AUTOS = YES_AGGRESSIVE;
				GCC_WARN_UNUSED_FUNCTION = YES;
				GCC_WARN_UNUSED_VARIABLE = YES;
				IPHONEOS_DEPLOYMENT_TARGET = 18.0;
				LOCALIZATION_PREFERS_STRING_CATALOGS = YES;
				MTL_ENABLE_DEBUG_INFO = NO;
				MTL_FAST_MATH = YES;
				SDKROOT = iphoneos;
				SWIFT_COMPILATION_MODE = wholemodule;
				VALIDATE_PRODUCT = YES;
			};
			name = Release;
		};
/* End XCBuildConfiguration section */

/* Begin XCConfigurationList section */
		ADD880592D33DC82007572F8 /* Build configuration list for PBXProject "habit-tracker" */ = {
			isa = XCConfigurationList;
			buildConfigurations = (
				ADD880742D33DC84007572F8 /* Debug */,
				ADD880752D33DC84007572F8 /* Release */,
			);
			defaultConfigurationIsVisible = 0;
			defaultConfigurationName = Release;
		};
		ADD880712D33DC84007572F8 /* Build configuration list for PBXNativeTarget "habit-tracker" */ = {
			isa = XCConfigurationList;
			buildConfigurations = (
				ADD880722D33DC84007572F8 /* Debug */,
				ADD880732D33DC84007572F8 /* Release */,
			);
			defaultConfigurationIsVisible = 0;
			defaultConfigurationName = Release;
		};
/* End XCConfigurationList section */
	};
	rootObject = ADD880562D33DC82007572F8 /* Project object */;
}
